Microsoft Visual Studio Solution File, Format Version 12.00
# Visual Studio Version 17
VisualStudioVersion = 17.5.2.0
MinimumVisualStudioVersion = 10.0.40219.1
Project("{FAE04EC0-301F-11D3-BF4B-00C04F79EFBC}") = "ImageAPI", "ImageAPI\ImageAPI.csproj", "{94FE9E2E-CE22-512B-48CF-34F226FE65BD}"
EndProject
Global
	GlobalSection(SolutionConfigurationPlatforms) = preSolution
		Debug|Any CPU = Debug|Any CPU
		Release|Any CPU = Release|Any CPU
	EndGlobalSection
	GlobalSection(ProjectConfigurationPlatforms) = postSolution
		{94FE9E2E-CE22-512B-48CF-34F226FE65BD}.Debug|Any CPU.ActiveCfg = Debug|Any CPU
		{94FE9E2E-CE22-512B-48CF-34F226FE65BD}.Debug|Any CPU.Build.0 = Debug|Any CPU
		{94FE9E2E-CE22-512B-48CF-34F226FE65BD}.Release|Any CPU.ActiveCfg = Release|Any CPU
		{94FE9E2E-CE22-512B-48CF-34F226FE65BD}.Release|Any CPU.Build.0 = Release|Any CPU
	EndGlobalSection
	GlobalSection(SolutionProperties) = preSolution
		HideSolutionNode = FALSE
	EndGlobalSection
	GlobalSection(ExtensibilityGlobals) = postSolution
		SolutionGuid = {EFF6334D-5A27-4E20-96A9-D11858958112}
	EndGlobalSection
EndGlobal
